{
  "object": {
    "pins": [
      {
        "package": "CZNetworking",
        "repositoryURL": "https://github.com/geekaurora/CZNetworking.git",
        "state": {
          "branch": null,
          "revision": "8f655a694f5e42cb26eb1767bd512066c1b7b911",
          "version": "3.4.3"
        }
      },
      {
        "package": "CZTestUtils",
        "repositoryURL": "https://github.com/geekaurora/CZTestUtils.git",
        "state": {
          "branch": null,
          "revision": "df5394929892a0f8979f0065ba2dfd84d28e4d27",
          "version": "1.1.3"
        }
      },
      {
        "package": "CZUtils",
        "repositoryURL": "https://github.com/geekaurora/CZUtils.git",
        "state": {
          "branch": null,
          "revision": "a0a3e10858c035a3525c9b5957384d0fe6adaed8",
          "version": "4.2.3"
        }
      }
    ]
  },
  "version": 1
}
