{
  "object": {
    "pins": [
      {
        "package": "CZTestUtils",
        "repositoryURL": "https://github.com/geekaurora/CZTestUtils.git",
        "state": {
          "branch": null,
          "revision": "fee1c04183de55cf07ce699e25bc6d27e308f49b",
          "version": "1.1.2"
        }
      },
      {
        "package": "SwiftUIKit",
        "repositoryURL": "https://github.com/geekaurora/SwiftUIKit.git",
        "state": {
          "branch": null,
          "revision": "3d46476030aa29df3919cb26a273b489d0277a1d",
          "version": "1.1.0"
        }
      },
      {
        "package": "SwiftUIRedux",
        "repositoryURL": "https://github.com/geekaurora/SwiftUIRedux.git",
        "state": {
          "branch": null,
          "revision": "529768d06721e947168b49bfe31c7a224e5dccb3",
          "version": "1.2.0"
        }
      }
    ]
  },
  "version": 1
}
