{
  "object": {
    "pins": [
      {
        "package": "CZNetworking",
        "repositoryURL": "https://github.com/geekaurora/CZNetworking.git",
        "state": {
          "branch": null,
          "revision": "c823c9164eaa0f09e09fde999d790d5c9048da93",
          "version": "3.3.1"
        }
      },
      {
        "package": "CZTestUtils",
        "repositoryURL": "https://github.com/geekaurora/CZTestUtils.git",
        "state": {
          "branch": null,
          "revision": "5116e9c704e6926aaca52613ce8434321b62efce",
          "version": "1.1.0"
        }
      },
      {
        "package": "CZUtils",
        "repositoryURL": "https://github.com/geekaurora/CZUtils.git",
        "state": {
          "branch": null,
          "revision": "5b7244795eb69eaff1fd1e2553d063eb40b7b11f",
          "version": "3.4.7"
        }
      },
      {
        "package": "SwiftUIKit",
        "repositoryURL": "https://github.com/geekaurora/SwiftUIKit.git",
        "state": {
          "branch": null,
          "revision": "3d46476030aa29df3919cb26a273b489d0277a1d",
          "version": "1.1.0"
        }
      },
      {
        "package": "SwiftUIRedux",
        "repositoryURL": "https://github.com/geekaurora/SwiftUIRedux.git",
        "state": {
          "branch": null,
          "revision": "529768d06721e947168b49bfe31c7a224e5dccb3",
          "version": "1.2.0"
        }
      }
    ]
  },
  "version": 1
}
