// !$*UTF8*$!
{
	archiveVersion = 1;
	classes = {
	};
	objectVersion = 52;
	objects = {

/* Begin PBXBuildFile section */
		C30105E3260784AF0011D5C1 /* CZAVPlayer in Frameworks */ = {isa = PBXBuildFile; productRef = C30105E2260784AF0011D5C1 /* CZAVPlayer */; };
		C30105E4260784AF0011D5C1 /* CZAVPlayer in Embed Frameworks */ = {isa = PBXBuildFile; productRef = C30105E2260784AF0011D5C1 /* CZAVPlayer */; settings = {ATTRIBUTES = (CodeSignOnCopy, ); }; };
		C3076C9726078EB50039D545 /* a25fb258deab6f447a400683739521e6.m4a in Resources */ = {isa = PBXBuildFile; fileRef = C3076C9626078EB50039D545 /* a25fb258deab6f447a400683739521e6.m4a */; };
		C3FDAB4C260779CA004BE699 /* CZHttpFileDemoApp.swift in Sources */ = {isa = PBXBuildFile; fileRef = C3FDAB4B260779CA004BE699 /* CZHttpFileDemoApp.swift */; };
		C3FDAB4E260779CA004BE699 /* ContentView.swift in Sources */ = {isa = PBXBuildFile; fileRef = C3FDAB4D260779CA004BE699 /* ContentView.swift */; };
		C3FDAB50260779CC004BE699 /* Assets.xcassets in Resources */ = {isa = PBXBuildFile; fileRef = C3FDAB4F260779CC004BE699 /* Assets.xcassets */; };
		C3FDAB53260779CC004BE699 /* Preview Assets.xcassets in Resources */ = {isa = PBXBuildFile; fileRef = C3FDAB52260779CC004BE699 /* Preview Assets.xcassets */; };
		C3FDAB5E260779CD004BE699 /* CZHttpFileDemoTests.swift in Sources */ = {isa = PBXBuildFile; fileRef = C3FDAB5D260779CD004BE699 /* CZHttpFileDemoTests.swift */; };
		C3FDAB69260779CD004BE699 /* CZHttpFileDemoUITests.swift in Sources */ = {isa = PBXBuildFile; fileRef = C3FDAB68260779CD004BE699 /* CZHttpFileDemoUITests.swift */; };
		C3FDAB8426077A20004BE699 /* CZHttpFile in Frameworks */ = {isa = PBXBuildFile; productRef = C3FDAB8326077A20004BE699 /* CZHttpFile */; };
		C3FDAB8626077A20004BE699 /* CZHttpFile in Embed Frameworks */ = {isa = PBXBuildFile; productRef = C3FDAB8326077A20004BE699 /* CZHttpFile */; settings = {ATTRIBUTES = (CodeSignOnCopy, ); }; };
		C3FDAB8B26077A63004BE699 /* SwiftUIKit in Frameworks */ = {isa = PBXBuildFile; productRef = C3FDAB8A26077A63004BE699 /* SwiftUIKit */; };
		C3FDAB8C26077A63004BE699 /* SwiftUIKit in Embed Frameworks */ = {isa = PBXBuildFile; productRef = C3FDAB8A26077A63004BE699 /* SwiftUIKit */; settings = {ATTRIBUTES = (CodeSignOnCopy, ); }; };
		C3FDAB9126077A70004BE699 /* SwiftUIRedux in Frameworks */ = {isa = PBXBuildFile; productRef = C3FDAB9026077A70004BE699 /* SwiftUIRedux */; };
		C3FDAB9226077A70004BE699 /* SwiftUIRedux in Embed Frameworks */ = {isa = PBXBuildFile; productRef = C3FDAB9026077A70004BE699 /* SwiftUIRedux */; settings = {ATTRIBUTES = (CodeSignOnCopy, ); }; };
/* End PBXBuildFile section */

/* Begin PBXContainerItemProxy section */
		C3FDAB5A260779CD004BE699 /* PBXContainerItemProxy */ = {
			isa = PBXContainerItemProxy;
			containerPortal = C3FDAB40260779CA004BE699 /* Project object */;
			proxyType = 1;
			remoteGlobalIDString = C3FDAB47260779CA004BE699;
			remoteInfo = CZHttpFileDemo;
		};
		C3FDAB65260779CD004BE699 /* PBXContainerItemProxy */ = {
			isa = PBXContainerItemProxy;
			containerPortal = C3FDAB40260779CA004BE699 /* Project object */;
			proxyType = 1;
			remoteGlobalIDString = C3FDAB47260779CA004BE699;
			remoteInfo = CZHttpFileDemo;
		};
/* End PBXContainerItemProxy section */

/* Begin PBXCopyFilesBuildPhase section */
		C3FDAB8526077A20004BE699 /* Embed Frameworks */ = {
			isa = PBXCopyFilesBuildPhase;
			buildActionMask = 2147483647;
			dstPath = "";
			dstSubfolderSpec = 10;
			files = (
				C3FDAB8626077A20004BE699 /* CZHttpFile in Embed Frameworks */,
				C3FDAB9226077A70004BE699 /* SwiftUIRedux in Embed Frameworks */,
				C3FDAB8C26077A63004BE699 /* SwiftUIKit in Embed Frameworks */,
				C30105E4260784AF0011D5C1 /* CZAVPlayer in Embed Frameworks */,
			);
			name = "Embed Frameworks";
			runOnlyForDeploymentPostprocessing = 0;
		};
/* End PBXCopyFilesBuildPhase section */

/* Begin PBXFileReference section */
		C3076C9626078EB50039D545 /* a25fb258deab6f447a400683739521e6.m4a */ = {isa = PBXFileReference; lastKnownFileType = file; path = a25fb258deab6f447a400683739521e6.m4a; sourceTree = "<group>"; };
		C33BAF3C2607823A00B12A48 /* CZAVPlayer */ = {isa = PBXFileReference; lastKnownFileType = folder; name = CZAVPlayer; path = ../../../CZAVPlayer; sourceTree = "<group>"; };
		C3FDAB48260779CA004BE699 /* CZHttpFileDemo.app */ = {isa = PBXFileReference; explicitFileType = wrapper.application; includeInIndex = 0; path = CZHttpFileDemo.app; sourceTree = BUILT_PRODUCTS_DIR; };
		C3FDAB4B260779CA004BE699 /* CZHttpFileDemoApp.swift */ = {isa = PBXFileReference; lastKnownFileType = sourcecode.swift; path = CZHttpFileDemoApp.swift; sourceTree = "<group>"; };
		C3FDAB4D260779CA004BE699 /* ContentView.swift */ = {isa = PBXFileReference; lastKnownFileType = sourcecode.swift; path = ContentView.swift; sourceTree = "<group>"; };
		C3FDAB4F260779CC004BE699 /* Assets.xcassets */ = {isa = PBXFileReference; lastKnownFileType = folder.assetcatalog; path = Assets.xcassets; sourceTree = "<group>"; };
		C3FDAB52260779CC004BE699 /* Preview Assets.xcassets */ = {isa = PBXFileReference; lastKnownFileType = folder.assetcatalog; path = "Preview Assets.xcassets"; sourceTree = "<group>"; };
		C3FDAB54260779CC004BE699 /* Info.plist */ = {isa = PBXFileReference; lastKnownFileType = text.plist.xml; path = Info.plist; sourceTree = "<group>"; };
		C3FDAB59260779CD004BE699 /* CZHttpFileDemoTests.xctest */ = {isa = PBXFileReference; explicitFileType = wrapper.cfbundle; includeInIndex = 0; path = CZHttpFileDemoTests.xctest; sourceTree = BUILT_PRODUCTS_DIR; };
		C3FDAB5D260779CD004BE699 /* CZHttpFileDemoTests.swift */ = {isa = PBXFileReference; lastKnownFileType = sourcecode.swift; path = CZHttpFileDemoTests.swift; sourceTree = "<group>"; };
		C3FDAB5F260779CD004BE699 /* Info.plist */ = {isa = PBXFileReference; lastKnownFileType = text.plist.xml; path = Info.plist; sourceTree = "<group>"; };
		C3FDAB64260779CD004BE699 /* CZHttpFileDemoUITests.xctest */ = {isa = PBXFileReference; explicitFileType = wrapper.cfbundle; includeInIndex = 0; path = CZHttpFileDemoUITests.xctest; sourceTree = BUILT_PRODUCTS_DIR; };
		C3FDAB68260779CD004BE699 /* CZHttpFileDemoUITests.swift */ = {isa = PBXFileReference; lastKnownFileType = sourcecode.swift; path = CZHttpFileDemoUITests.swift; sourceTree = "<group>"; };
		C3FDAB6A260779CD004BE699 /* Info.plist */ = {isa = PBXFileReference; lastKnownFileType = text.plist.xml; path = Info.plist; sourceTree = "<group>"; };
		C3FDAB7926077A08004BE699 /* CZHttpFile */ = {isa = PBXFileReference; lastKnownFileType = folder; name = CZHttpFile; path = ../..; sourceTree = "<group>"; };
/* End PBXFileReference section */

/* Begin PBXFrameworksBuildPhase section */
		C3FDAB45260779CA004BE699 /* Frameworks */ = {
			isa = PBXFrameworksBuildPhase;
			buildActionMask = 2147483647;
			files = (
				C3FDAB8426077A20004BE699 /* CZHttpFile in Frameworks */,
				C3FDAB9126077A70004BE699 /* SwiftUIRedux in Frameworks */,
				C3FDAB8B26077A63004BE699 /* SwiftUIKit in Frameworks */,
				C30105E3260784AF0011D5C1 /* CZAVPlayer in Frameworks */,
			);
			runOnlyForDeploymentPostprocessing = 0;
		};
		C3FDAB56260779CD004BE699 /* Frameworks */ = {
			isa = PBXFrameworksBuildPhase;
			buildActionMask = 2147483647;
			files = (
			);
			runOnlyForDeploymentPostprocessing = 0;
		};
		C3FDAB61260779CD004BE699 /* Frameworks */ = {
			isa = PBXFrameworksBuildPhase;
			buildActionMask = 2147483647;
			files = (
			);
			runOnlyForDeploymentPostprocessing = 0;
		};
/* End PBXFrameworksBuildPhase section */

/* Begin PBXGroup section */
		C3FDAB3F260779CA004BE699 = {
			isa = PBXGroup;
			children = (
				C33BAF3C2607823A00B12A48 /* CZAVPlayer */,
				C3FDAB7926077A08004BE699 /* CZHttpFile */,
				C3FDAB4A260779CA004BE699 /* CZHttpFileDemo */,
				C3FDAB5C260779CD004BE699 /* CZHttpFileDemoTests */,
				C3FDAB67260779CD004BE699 /* CZHttpFileDemoUITests */,
				C3FDAB49260779CA004BE699 /* Products */,
				C3FDAB8226077A20004BE699 /* Frameworks */,
			);
			sourceTree = "<group>";
		};
		C3FDAB49260779CA004BE699 /* Products */ = {
			isa = PBXGroup;
			children = (
				C3FDAB48260779CA004BE699 /* CZHttpFileDemo.app */,
				C3FDAB59260779CD004BE699 /* CZHttpFileDemoTests.xctest */,
				C3FDAB64260779CD004BE699 /* CZHttpFileDemoUITests.xctest */,
			);
			name = Products;
			sourceTree = "<group>";
		};
		C3FDAB4A260779CA004BE699 /* CZHttpFileDemo */ = {
			isa = PBXGroup;
			children = (
				C3FDAB4D260779CA004BE699 /* ContentView.swift */,
				C3076C9626078EB50039D545 /* a25fb258deab6f447a400683739521e6.m4a */,
				C3FDAB4B260779CA004BE699 /* CZHttpFileDemoApp.swift */,
				C3FDAB4F260779CC004BE699 /* Assets.xcassets */,
				C3FDAB54260779CC004BE699 /* Info.plist */,
				C3FDAB51260779CC004BE699 /* Preview Content */,
			);
			path = CZHttpFileDemo;
			sourceTree = "<group>";
		};
		C3FDAB51260779CC004BE699 /* Preview Content */ = {
			isa = PBXGroup;
			children = (
				C3FDAB52260779CC004BE699 /* Preview Assets.xcassets */,
			);
			path = "Preview Content";
			sourceTree = "<group>";
		};
		C3FDAB5C260779CD004BE699 /* CZHttpFileDemoTests */ = {
			isa = PBXGroup;
			children = (
				C3FDAB5D260779CD004BE699 /* CZHttpFileDemoTests.swift */,
				C3FDAB5F260779CD004BE699 /* Info.plist */,
			);
			path = CZHttpFileDemoTests;
			sourceTree = "<group>";
		};
		C3FDAB67260779CD004BE699 /* CZHttpFileDemoUITests */ = {
			isa = PBXGroup;
			children = (
				C3FDAB68260779CD004BE699 /* CZHttpFileDemoUITests.swift */,
				C3FDAB6A260779CD004BE699 /* Info.plist */,
			);
			path = CZHttpFileDemoUITests;
			sourceTree = "<group>";
		};
		C3FDAB8226077A20004BE699 /* Frameworks */ = {
			isa = PBXGroup;
			children = (
			);
			name = Frameworks;
			sourceTree = "<group>";
		};
/* End PBXGroup section */

/* Begin PBXNativeTarget section */
		C3FDAB47260779CA004BE699 /* CZHttpFileDemo */ = {
			isa = PBXNativeTarget;
			buildConfigurationList = C3FDAB6D260779CD004BE699 /* Build configuration list for PBXNativeTarget "CZHttpFileDemo" */;
			buildPhases = (
				C3FDAB44260779CA004BE699 /* Sources */,
				C3FDAB45260779CA004BE699 /* Frameworks */,
				C3FDAB46260779CA004BE699 /* Resources */,
				C3FDAB8526077A20004BE699 /* Embed Frameworks */,
			);
			buildRules = (
			);
			dependencies = (
				C3FDAB7E26077A1D004BE699 /* PBXTargetDependency */,
			);
			name = CZHttpFileDemo;
			packageProductDependencies = (
				C3FDAB8326077A20004BE699 /* CZHttpFile */,
				C3FDAB8A26077A63004BE699 /* SwiftUIKit */,
				C3FDAB9026077A70004BE699 /* SwiftUIRedux */,
				C30105E2260784AF0011D5C1 /* CZAVPlayer */,
			);
			productName = CZHttpFileDemo;
			productReference = C3FDAB48260779CA004BE699 /* CZHttpFileDemo.app */;
			productType = "com.apple.product-type.application";
		};
		C3FDAB58260779CD004BE699 /* CZHttpFileDemoTests */ = {
			isa = PBXNativeTarget;
			buildConfigurationList = C3FDAB70260779CD004BE699 /* Build configuration list for PBXNativeTarget "CZHttpFileDemoTests" */;
			buildPhases = (
				C3FDAB55260779CD004BE699 /* Sources */,
				C3FDAB56260779CD004BE699 /* Frameworks */,
				C3FDAB57260779CD004BE699 /* Resources */,
			);
			buildRules = (
			);
			dependencies = (
				C3FDAB5B260779CD004BE699 /* PBXTargetDependency */,
			);
			name = CZHttpFileDemoTests;
			productName = CZHttpFileDemoTests;
			productReference = C3FDAB59260779CD004BE699 /* CZHttpFileDemoTests.xctest */;
			productType = "com.apple.product-type.bundle.unit-test";
		};
		C3FDAB63260779CD004BE699 /* CZHttpFileDemoUITests */ = {
			isa = PBXNativeTarget;
			buildConfigurationList = C3FDAB73260779CD004BE699 /* Build configuration list for PBXNativeTarget "CZHttpFileDemoUITests" */;
			buildPhases = (
				C3FDAB60260779CD004BE699 /* Sources */,
				C3FDAB61260779CD004BE699 /* Frameworks */,
				C3FDAB62260779CD004BE699 /* Resources */,
			);
			buildRules = (
			);
			dependencies = (
				C3FDAB66260779CD004BE699 /* PBXTargetDependency */,
			);
			name = CZHttpFileDemoUITests;
			productName = CZHttpFileDemoUITests;
			productReference = C3FDAB64260779CD004BE699 /* CZHttpFileDemoUITests.xctest */;
			productType = "com.apple.product-type.bundle.ui-testing";
		};
/* End PBXNativeTarget section */

/* Begin PBXProject section */
		C3FDAB40260779CA004BE699 /* Project object */ = {
			isa = PBXProject;
			attributes = {
				LastSwiftUpdateCheck = 1230;
				LastUpgradeCheck = 1230;
				TargetAttributes = {
					C3FDAB47260779CA004BE699 = {
						CreatedOnToolsVersion = 12.3;
					};
					C3FDAB58260779CD004BE699 = {
						CreatedOnToolsVersion = 12.3;
						TestTargetID = C3FDAB47260779CA004BE699;
					};
					C3FDAB63260779CD004BE699 = {
						CreatedOnToolsVersion = 12.3;
						TestTargetID = C3FDAB47260779CA004BE699;
					};
				};
			};
			buildConfigurationList = C3FDAB43260779CA004BE699 /* Build configuration list for PBXProject "CZHttpFileDemo" */;
			compatibilityVersion = "Xcode 9.3";
			developmentRegion = en;
			hasScannedForEncodings = 0;
			knownRegions = (
				en,
				Base,
			);
			mainGroup = C3FDAB3F260779CA004BE699;
			packageReferences = (
				C3FDAB8926077A63004BE699 /* XCRemoteSwiftPackageReference "SwiftUIKit" */,
				C3FDAB8F26077A70004BE699 /* XCRemoteSwiftPackageReference "SwiftUIRedux" */,
			);
			productRefGroup = C3FDAB49260779CA004BE699 /* Products */;
			projectDirPath = "";
			projectRoot = "";
			targets = (
				C3FDAB47260779CA004BE699 /* CZHttpFileDemo */,
				C3FDAB58260779CD004BE699 /* CZHttpFileDemoTests */,
				C3FDAB63260779CD004BE699 /* CZHttpFileDemoUITests */,
			);
		};
/* End PBXProject section */

/* Begin PBXResourcesBuildPhase section */
		C3FDAB46260779CA004BE699 /* Resources */ = {
			isa = PBXResourcesBuildPhase;
			buildActionMask = 2147483647;
			files = (
				C3FDAB53260779CC004BE699 /* Preview Assets.xcassets in Resources */,
				C3FDAB50260779CC004BE699 /* Assets.xcassets in Resources */,
				C3076C9726078EB50039D545 /* a25fb258deab6f447a400683739521e6.m4a in Resources */,
			);
			runOnlyForDeploymentPostprocessing = 0;
		};
		C3FDAB57260779CD004BE699 /* Resources */ = {
			isa = PBXResourcesBuildPhase;
			buildActionMask = 2147483647;
			files = (
			);
			runOnlyForDeploymentPostprocessing = 0;
		};
		C3FDAB62260779CD004BE699 /* Resources */ = {
			isa = PBXResourcesBuildPhase;
			buildActionMask = 2147483647;
			files = (
			);
			runOnlyForDeploymentPostprocessing = 0;
		};
/* End PBXResourcesBuildPhase section */

/* Begin PBXSourcesBuildPhase section */
		C3FDAB44260779CA004BE699 /* Sources */ = {
			isa = PBXSourcesBuildPhase;
			buildActionMask = 2147483647;
			files = (
				C3FDAB4E260779CA004BE699 /* ContentView.swift in Sources */,
				C3FDAB4C260779CA004BE699 /* CZHttpFileDemoApp.swift in Sources */,
			);
			runOnlyForDeploymentPostprocessing = 0;
		};
		C3FDAB55260779CD004BE699 /* Sources */ = {
			isa = PBXSourcesBuildPhase;
			buildActionMask = 2147483647;
			files = (
				C3FDAB5E260779CD004BE699 /* CZHttpFileDemoTests.swift in Sources */,
			);
			runOnlyForDeploymentPostprocessing = 0;
		};
		C3FDAB60260779CD004BE699 /* Sources */ = {
			isa = PBXSourcesBuildPhase;
			buildActionMask = 2147483647;
			files = (
				C3FDAB69260779CD004BE699 /* CZHttpFileDemoUITests.swift in Sources */,
			);
			runOnlyForDeploymentPostprocessing = 0;
		};
/* End PBXSourcesBuildPhase section */

/* Begin PBXTargetDependency section */
		C3FDAB5B260779CD004BE699 /* PBXTargetDependency */ = {
			isa = PBXTargetDependency;
			target = C3FDAB47260779CA004BE699 /* CZHttpFileDemo */;
			targetProxy = C3FDAB5A260779CD004BE699 /* PBXContainerItemProxy */;
		};
		C3FDAB66260779CD004BE699 /* PBXTargetDependency */ = {
			isa = PBXTargetDependency;
			target = C3FDAB47260779CA004BE699 /* CZHttpFileDemo */;
			targetProxy = C3FDAB65260779CD004BE699 /* PBXContainerItemProxy */;
		};
		C3FDAB7E26077A1D004BE699 /* PBXTargetDependency */ = {
			isa = PBXTargetDependency;
			productRef = C3FDAB7D26077A1D004BE699 /* CZHttpFile */;
		};
/* End PBXTargetDependency section */

/* Begin XCBuildConfiguration section */
		C3FDAB6B260779CD004BE699 /* Debug */ = {
			isa = XCBuildConfiguration;
			buildSettings = {
				ALWAYS_SEARCH_USER_PATHS = NO;
				CLANG_ANALYZER_NONNULL = YES;
				CLANG_ANALYZER_NUMBER_OBJECT_CONVERSION = YES_AGGRESSIVE;
				CLANG_CXX_LANGUAGE_STANDARD = "gnu++14";
				CLANG_CXX_LIBRARY = "libc++";
				CLANG_ENABLE_MODULES = YES;
				CLANG_ENABLE_OBJC_ARC = YES;
				CLANG_ENABLE_OBJC_WEAK = YES;
				CLANG_WARN_BLOCK_CAPTURE_AUTORELEASING = YES;
				CLANG_WARN_BOOL_CONVERSION = YES;
				CLANG_WARN_COMMA = YES;
				CLANG_WARN_CONSTANT_CONVERSION = YES;
				CLANG_WARN_DEPRECATED_OBJC_IMPLEMENTATIONS = YES;
				CLANG_WARN_DIRECT_OBJC_ISA_USAGE = YES_ERROR;
				CLANG_WARN_DOCUMENTATION_COMMENTS = YES;
				CLANG_WARN_EMPTY_BODY = YES;
				CLANG_WARN_ENUM_CONVERSION = YES;
				CLANG_WARN_INFINITE_RECURSION = YES;
				CLANG_WARN_INT_CONVERSION = YES;
				CLANG_WARN_NON_LITERAL_NULL_CONVERSION = YES;
				CLANG_WARN_OBJC_IMPLICIT_RETAIN_SELF = YES;
				CLANG_WARN_OBJC_LITERAL_CONVERSION = YES;
				CLANG_WARN_OBJC_ROOT_CLASS = YES_ERROR;
				CLANG_WARN_QUOTED_INCLUDE_IN_FRAMEWORK_HEADER = YES;
				CLANG_WARN_RANGE_LOOP_ANALYSIS = YES;
				CLANG_WARN_STRICT_PROTOTYPES = YES;
				CLANG_WARN_SUSPICIOUS_MOVE = YES;
				CLANG_WARN_UNGUARDED_AVAILABILITY = YES_AGGRESSIVE;
				CLANG_WARN_UNREACHABLE_CODE = YES;
				CLANG_WARN__DUPLICATE_METHOD_MATCH = YES;
				COPY_PHASE_STRIP = NO;
				DEBUG_INFORMATION_FORMAT = dwarf;
				ENABLE_STRICT_OBJC_MSGSEND = YES;
				ENABLE_TESTABILITY = YES;
				GCC_C_LANGUAGE_STANDARD = gnu11;
				GCC_DYNAMIC_NO_PIC = NO;
				GCC_NO_COMMON_BLOCKS = YES;
				GCC_OPTIMIZATION_LEVEL = 0;
				GCC_PREPROCESSOR_DEFINITIONS = (
					"DEBUG=1",
					"$(inherited)",
				);
				GCC_WARN_64_TO_32_BIT_CONVERSION = YES;
				GCC_WARN_ABOUT_RETURN_TYPE = YES_ERROR;
				GCC_WARN_UNDECLARED_SELECTOR = YES;
				GCC_WARN_UNINITIALIZED_AUTOS = YES_AGGRESSIVE;
				GCC_WARN_UNUSED_FUNCTION = YES;
				GCC_WARN_UNUSED_VARIABLE = YES;
				IPHONEOS_DEPLOYMENT_TARGET = 14.3;
				MTL_ENABLE_DEBUG_INFO = INCLUDE_SOURCE;
				MTL_FAST_MATH = YES;
				ONLY_ACTIVE_ARCH = YES;
				SDKROOT = iphoneos;
				SWIFT_ACTIVE_COMPILATION_CONDITIONS = DEBUG;
				SWIFT_OPTIMIZATION_LEVEL = "-Onone";
			};
			name = Debug;
		};
		C3FDAB6C260779CD004BE699 /* Release */ = {
			isa = XCBuildConfiguration;
			buildSettings = {
				ALWAYS_SEARCH_USER_PATHS = NO;
				CLANG_ANALYZER_NONNULL = YES;
				CLANG_ANALYZER_NUMBER_OBJECT_CONVERSION = YES_AGGRESSIVE;
				CLANG_CXX_LANGUAGE_STANDARD = "gnu++14";
				CLANG_CXX_LIBRARY = "libc++";
				CLANG_ENABLE_MODULES = YES;
				CLANG_ENABLE_OBJC_ARC = YES;
				CLANG_ENABLE_OBJC_WEAK = YES;
				CLANG_WARN_BLOCK_CAPTURE_AUTORELEASING = YES;
				CLANG_WARN_BOOL_CONVERSION = YES;
				CLANG_WARN_COMMA = YES;
				CLANG_WARN_CONSTANT_CONVERSION = YES;
				CLANG_WARN_DEPRECATED_OBJC_IMPLEMENTATIONS = YES;
				CLANG_WARN_DIRECT_OBJC_ISA_USAGE = YES_ERROR;
				CLANG_WARN_DOCUMENTATION_COMMENTS = YES;
				CLANG_WARN_EMPTY_BODY = YES;
				CLANG_WARN_ENUM_CONVERSION = YES;
				CLANG_WARN_INFINITE_RECURSION = YES;
				CLANG_WARN_INT_CONVERSION = YES;
				CLANG_WARN_NON_LITERAL_NULL_CONVERSION = YES;
				CLANG_WARN_OBJC_IMPLICIT_RETAIN_SELF = YES;
				CLANG_WARN_OBJC_LITERAL_CONVERSION = YES;
				CLANG_WARN_OBJC_ROOT_CLASS = YES_ERROR;
				CLANG_WARN_QUOTED_INCLUDE_IN_FRAMEWORK_HEADER = YES;
				CLANG_WARN_RANGE_LOOP_ANALYSIS = YES;
				CLANG_WARN_STRICT_PROTOTYPES = YES;
				CLANG_WARN_SUSPICIOUS_MOVE = YES;
				CLANG_WARN_UNGUARDED_AVAILABILITY = YES_AGGRESSIVE;
				CLANG_WARN_UNREACHABLE_CODE = YES;
				CLANG_WARN__DUPLICATE_METHOD_MATCH = YES;
				COPY_PHASE_STRIP = NO;
				DEBUG_INFORMATION_FORMAT = "dwarf-with-dsym";
				ENABLE_NS_ASSERTIONS = NO;
				ENABLE_STRICT_OBJC_MSGSEND = YES;
				GCC_C_LANGUAGE_STANDARD = gnu11;
				GCC_NO_COMMON_BLOCKS = YES;
				GCC_WARN_64_TO_32_BIT_CONVERSION = YES;
				GCC_WARN_ABOUT_RETURN_TYPE = YES_ERROR;
				GCC_WARN_UNDECLARED_SELECTOR = YES;
				GCC_WARN_UNINITIALIZED_AUTOS = YES_AGGRESSIVE;
				GCC_WARN_UNUSED_FUNCTION = YES;
				GCC_WARN_UNUSED_VARIABLE = YES;
				IPHONEOS_DEPLOYMENT_TARGET = 14.3;
				MTL_ENABLE_DEBUG_INFO = NO;
				MTL_FAST_MATH = YES;
				SDKROOT = iphoneos;
				SWIFT_COMPILATION_MODE = wholemodule;
				SWIFT_OPTIMIZATION_LEVEL = "-O";
				VALIDATE_PRODUCT = YES;
			};
			name = Release;
		};
		C3FDAB6E260779CD004BE699 /* Debug */ = {
			isa = XCBuildConfiguration;
			buildSettings = {
				ASSETCATALOG_COMPILER_APPICON_NAME = AppIcon;
				ASSETCATALOG_COMPILER_GLOBAL_ACCENT_COLOR_NAME = AccentColor;
				CODE_SIGN_STYLE = Automatic;
				DEVELOPMENT_ASSET_PATHS = "\"CZHttpFileDemo/Preview Content\"";
				DEVELOPMENT_TEAM = 55RDUQ8X48;
				ENABLE_PREVIEWS = YES;
				INFOPLIST_FILE = CZHttpFileDemo/Info.plist;
				IPHONEOS_DEPLOYMENT_TARGET = 14.0;
				LD_RUNPATH_SEARCH_PATHS = (
					"$(inherited)",
					"@executable_path/Frameworks",
				);
				PRODUCT_BUNDLE_IDENTIFIER = "Cheng-Zhang.CZHttpFileDemo";
				PRODUCT_NAME = "$(TARGET_NAME)";
				SWIFT_VERSION = 5.0;
				TARGETED_DEVICE_FAMILY = "1,2";
			};
			name = Debug;
		};
		C3FDAB6F260779CD004BE699 /* Release */ = {
			isa = XCBuildConfiguration;
			buildSettings = {
				ASSETCATALOG_COMPILER_APPICON_NAME = AppIcon;
				ASSETCATALOG_COMPILER_GLOBAL_ACCENT_COLOR_NAME = AccentColor;
				CODE_SIGN_STYLE = Automatic;
				DEVELOPMENT_ASSET_PATHS = "\"CZHttpFileDemo/Preview Content\"";
				DEVELOPMENT_TEAM = 55RDUQ8X48;
				ENABLE_PREVIEWS = YES;
				INFOPLIST_FILE = CZHttpFileDemo/Info.plist;
				IPHONEOS_DEPLOYMENT_TARGET = 14.0;
				LD_RUNPATH_SEARCH_PATHS = (
					"$(inherited)",
					"@executable_path/Frameworks",
				);
				PRODUCT_BUNDLE_IDENTIFIER = "Cheng-Zhang.CZHttpFileDemo";
				PRODUCT_NAME = "$(TARGET_NAME)";
				SWIFT_VERSION = 5.0;
				TARGETED_DEVICE_FAMILY = "1,2";
			};
			name = Release;
		};
		C3FDAB71260779CD004BE699 /* Debug */ = {
			isa = XCBuildConfiguration;
			buildSettings = {
				ALWAYS_EMBED_SWIFT_STANDARD_LIBRARIES = YES;
				BUNDLE_LOADER = "$(TEST_HOST)";
				CODE_SIGN_STYLE = Automatic;
				DEVELOPMENT_TEAM = 55RDUQ8X48;
				INFOPLIST_FILE = CZHttpFileDemoTests/Info.plist;
				IPHONEOS_DEPLOYMENT_TARGET = 14.0;
				LD_RUNPATH_SEARCH_PATHS = (
					"$(inherited)",
					"@executable_path/Frameworks",
					"@loader_path/Frameworks",
				);
				PRODUCT_BUNDLE_IDENTIFIER = "Cheng-Zhang.CZHttpFileDemoTests";
				PRODUCT_NAME = "$(TARGET_NAME)";
				SWIFT_VERSION = 5.0;
				TARGETED_DEVICE_FAMILY = "1,2";
				TEST_HOST = "$(BUILT_PRODUCTS_DIR)/CZHttpFileDemo.app/CZHttpFileDemo";
			};
			name = Debug;
		};
		C3FDAB72260779CD004BE699 /* Release */ = {
			isa = XCBuildConfiguration;
			buildSettings = {
				ALWAYS_EMBED_SWIFT_STANDARD_LIBRARIES = YES;
				BUNDLE_LOADER = "$(TEST_HOST)";
				CODE_SIGN_STYLE = Automatic;
				DEVELOPMENT_TEAM = 55RDUQ8X48;
				INFOPLIST_FILE = CZHttpFileDemoTests/Info.plist;
				IPHONEOS_DEPLOYMENT_TARGET = 14.0;
				LD_RUNPATH_SEARCH_PATHS = (
					"$(inherited)",
					"@executable_path/Frameworks",
					"@loader_path/Frameworks",
				);
				PRODUCT_BUNDLE_IDENTIFIER = "Cheng-Zhang.CZHttpFileDemoTests";
				PRODUCT_NAME = "$(TARGET_NAME)";
				SWIFT_VERSION = 5.0;
				TARGETED_DEVICE_FAMILY = "1,2";
				TEST_HOST = "$(BUILT_PRODUCTS_DIR)/CZHttpFileDemo.app/CZHttpFileDemo";
			};
			name = Release;
		};
		C3FDAB74260779CD004BE699 /* Debug */ = {
			isa = XCBuildConfiguration;
			buildSettings = {
				ALWAYS_EMBED_SWIFT_STANDARD_LIBRARIES = YES;
				CODE_SIGN_STYLE = Automatic;
				DEVELOPMENT_TEAM = 55RDUQ8X48;
				INFOPLIST_FILE = CZHttpFileDemoUITests/Info.plist;
				LD_RUNPATH_SEARCH_PATHS = (
					"$(inherited)",
					"@executable_path/Frameworks",
					"@loader_path/Frameworks",
				);
				PRODUCT_BUNDLE_IDENTIFIER = "Cheng-Zhang.CZHttpFileDemoUITests";
				PRODUCT_NAME = "$(TARGET_NAME)";
				SWIFT_VERSION = 5.0;
				TARGETED_DEVICE_FAMILY = "1,2";
				TEST_TARGET_NAME = CZHttpFileDemo;
			};
			name = Debug;
		};
		C3FDAB75260779CD004BE699 /* Release */ = {
			isa = XCBuildConfiguration;
			buildSettings = {
				ALWAYS_EMBED_SWIFT_STANDARD_LIBRARIES = YES;
				CODE_SIGN_STYLE = Automatic;
				DEVELOPMENT_TEAM = 55RDUQ8X48;
				INFOPLIST_FILE = CZHttpFileDemoUITests/Info.plist;
				LD_RUNPATH_SEARCH_PATHS = (
					"$(inherited)",
					"@executable_path/Frameworks",
					"@loader_path/Frameworks",
				);
				PRODUCT_BUNDLE_IDENTIFIER = "Cheng-Zhang.CZHttpFileDemoUITests";
				PRODUCT_NAME = "$(TARGET_NAME)";
				SWIFT_VERSION = 5.0;
				TARGETED_DEVICE_FAMILY = "1,2";
				TEST_TARGET_NAME = CZHttpFileDemo;
			};
			name = Release;
		};
/* End XCBuildConfiguration section */

/* Begin XCConfigurationList section */
		C3FDAB43260779CA004BE699 /* Build configuration list for PBXProject "CZHttpFileDemo" */ = {
			isa = XCConfigurationList;
			buildConfigurations = (
				C3FDAB6B260779CD004BE699 /* Debug */,
				C3FDAB6C260779CD004BE699 /* Release */,
			);
			defaultConfigurationIsVisible = 0;
			defaultConfigurationName = Release;
		};
		C3FDAB6D260779CD004BE699 /* Build configuration list for PBXNativeTarget "CZHttpFileDemo" */ = {
			isa = XCConfigurationList;
			buildConfigurations = (
				C3FDAB6E260779CD004BE699 /* Debug */,
				C3FDAB6F260779CD004BE699 /* Release */,
			);
			defaultConfigurationIsVisible = 0;
			defaultConfigurationName = Release;
		};
		C3FDAB70260779CD004BE699 /* Build configuration list for PBXNativeTarget "CZHttpFileDemoTests" */ = {
			isa = XCConfigurationList;
			buildConfigurations = (
				C3FDAB71260779CD004BE699 /* Debug */,
				C3FDAB72260779CD004BE699 /* Release */,
			);
			defaultConfigurationIsVisible = 0;
			defaultConfigurationName = Release;
		};
		C3FDAB73260779CD004BE699 /* Build configuration list for PBXNativeTarget "CZHttpFileDemoUITests" */ = {
			isa = XCConfigurationList;
			buildConfigurations = (
				C3FDAB74260779CD004BE699 /* Debug */,
				C3FDAB75260779CD004BE699 /* Release */,
			);
			defaultConfigurationIsVisible = 0;
			defaultConfigurationName = Release;
		};
/* End XCConfigurationList section */

/* Begin XCRemoteSwiftPackageReference section */
		C3FDAB8926077A63004BE699 /* XCRemoteSwiftPackageReference "SwiftUIKit" */ = {
			isa = XCRemoteSwiftPackageReference;
			repositoryURL = "https://github.com/geekaurora/SwiftUIKit.git";
			requirement = {
				kind = upToNextMajorVersion;
				minimumVersion = 1.1.0;
			};
		};
		C3FDAB8F26077A70004BE699 /* XCRemoteSwiftPackageReference "SwiftUIRedux" */ = {
			isa = XCRemoteSwiftPackageReference;
			repositoryURL = "https://github.com/geekaurora/SwiftUIRedux.git";
			requirement = {
				kind = upToNextMajorVersion;
				minimumVersion = 1.2.0;
			};
		};
/* End XCRemoteSwiftPackageReference section */

/* Begin XCSwiftPackageProductDependency section */
		C30105E2260784AF0011D5C1 /* CZAVPlayer */ = {
			isa = XCSwiftPackageProductDependency;
			productName = CZAVPlayer;
		};
		C3FDAB7D26077A1D004BE699 /* CZHttpFile */ = {
			isa = XCSwiftPackageProductDependency;
			productName = CZHttpFile;
		};
		C3FDAB8326077A20004BE699 /* CZHttpFile */ = {
			isa = XCSwiftPackageProductDependency;
			productName = CZHttpFile;
		};
		C3FDAB8A26077A63004BE699 /* SwiftUIKit */ = {
			isa = XCSwiftPackageProductDependency;
			package = C3FDAB8926077A63004BE699 /* XCRemoteSwiftPackageReference "SwiftUIKit" */;
			productName = SwiftUIKit;
		};
		C3FDAB9026077A70004BE699 /* SwiftUIRedux */ = {
			isa = XCSwiftPackageProductDependency;
			package = C3FDAB8F26077A70004BE699 /* XCRemoteSwiftPackageReference "SwiftUIRedux" */;
			productName = SwiftUIRedux;
		};
/* End XCSwiftPackageProductDependency section */
	};
	rootObject = C3FDAB40260779CA004BE699 /* Project object */;
}
